
Microsoft Visual Studio Solution File, Format Version 12.00
# Visual Studio Version 17
VisualStudioVersion = 17.12.35707.178
MinimumVisualStudioVersion = 10.0.40219.1
Project("{FAE04EC0-301F-11D3-BF4B-00C04F79EFBC}") = "TrackerLibrary", "TrackerLibrary\TrackerLibrary.csproj", "{EBEB33C2-C62F-4018-8766-158CC7E90BB4}"
EndProject
Project("{FAE04EC0-301F-11D3-BF4B-00C04F79EFBC}") = "TrackerUI", "TrackerUI\TrackerUI.csproj", "{BFDA03E2-A380-40A8-92C3-086B7FAE4DF5}"
EndProject
Project("{2150E333-8FDC-42A3-9474-1A3956D46DE8}") = "솔루션 항목", "솔루션 항목", "{E8D60C26-E874-45C7-B6F6-3715DC7E3362}"
	ProjectSection(SolutionItems) = preProject
		.gitattributes = .gitattributes
	EndProjectSection
EndProject
Global
	GlobalSection(SolutionConfigurationPlatforms) = preSolution
		Debug|Any CPU = Debug|Any CPU
		Release|Any CPU = Release|Any CPU
	EndGlobalSection
	GlobalSection(ProjectConfigurationPlatforms) = postSolution
		{EBEB33C2-C62F-4018-8766-158CC7E90BB4}.Debug|Any CPU.ActiveCfg = Debug|Any CPU
		{EBEB33C2-C62F-4018-8766-158CC7E90BB4}.Debug|Any CPU.Build.0 = Debug|Any CPU
		{EBEB33C2-C62F-4018-8766-158CC7E90BB4}.Release|Any CPU.ActiveCfg = Release|Any CPU
		{EBEB33C2-C62F-4018-8766-158CC7E90BB4}.Release|Any CPU.Build.0 = Release|Any CPU
		{BFDA03E2-A380-40A8-92C3-086B7FAE4DF5}.Debug|Any CPU.ActiveCfg = Debug|Any CPU
		{BFDA03E2-A380-40A8-92C3-086B7FAE4DF5}.Debug|Any CPU.Build.0 = Debug|Any CPU
		{BFDA03E2-A380-40A8-92C3-086B7FAE4DF5}.Release|Any CPU.ActiveCfg = Release|Any CPU
		{BFDA03E2-A380-40A8-92C3-086B7FAE4DF5}.Release|Any CPU.Build.0 = Release|Any CPU
	EndGlobalSection
	GlobalSection(SolutionProperties) = preSolution
		HideSolutionNode = FALSE
	EndGlobalSection
EndGlobal
